
Microsoft Visual Studio Solution File, Format Version 12.00
# Visual Studio Version 17
VisualStudioVersion = 17.9.34728.123
MinimumVisualStudioVersion = 10.0.40219.1
Project("{FAE04EC0-301F-11D3-BF4B-00C04F79EFBC}") = "azureworkshop", "azureworkshop.csproj", "{ACA13F5D-1608-42AA-8490-410537D5FE8F}"
EndProject
Global
	GlobalSection(SolutionConfigurationPlatforms) = preSolution
		Debug|Any CPU = Debug|Any CPU
		Release|Any CPU = Release|Any CPU
	EndGlobalSection
	GlobalSection(ProjectConfigurationPlatforms) = postSolution
		{ACA13F5D-1608-42AA-8490-410537D5FE8F}.Debug|Any CPU.ActiveCfg = Debug|Any CPU
		{ACA13F5D-1608-42AA-8490-410537D5FE8F}.Debug|Any CPU.Build.0 = Debug|Any CPU
		{ACA13F5D-1608-42AA-8490-410537D5FE8F}.Release|Any CPU.ActiveCfg = Release|Any CPU
		{ACA13F5D-1608-42AA-8490-410537D5FE8F}.Release|Any CPU.Build.0 = Release|Any CPU
	EndGlobalSection
	GlobalSection(SolutionProperties) = preSolution
		HideSolutionNode = FALSE
	EndGlobalSection
	GlobalSection(ExtensibilityGlobals) = postSolution
		SolutionGuid = {232B7316-1710-458C-A505-8B9028A33422}
	EndGlobalSection
EndGlobal
